// !$*UTF8*$!
{
	archiveVersion = 1;
	classes = {
	};
	objectVersion = 46;
	objects = {

/* Begin PBXBuildFile section */
		8809AC6A1AA60B1200D5A518 /* Image.swift in Sources */ = {isa = PBXBuildFile; fileRef = 8809AC691AA60B1200D5A518 /* Image.swift */; };
		880A22B91A992167001D07E6 /* TableView.swift in Sources */ = {isa = PBXBuildFile; fileRef = 880A22B81A992167001D07E6 /* TableView.swift */; };
		880E4AFD1AA2A4A40080F3BF /* CustomButton.swift in Sources */ = {isa = PBXBuildFile; fileRef = 880E4AFC1AA2A4A40080F3BF /* CustomButton.swift */; };
		88102D3F1AAFD2AF003C8B7F /* TemperatureConverter.swift in Sources */ = {isa = PBXBuildFile; fileRef = 88102D3E1AAFD2AF003C8B7F /* TemperatureConverter.swift */; };
		88102D471AAFD3C9003C8B7F /* Demo.swift in Sources */ = {isa = PBXBuildFile; fileRef = 88102D461AAFD3C9003C8B7F /* Demo.swift */; };
		88173A1F1A131CF10076F5A7 /* Diffing.swift in Sources */ = {isa = PBXBuildFile; fileRef = 88173A1E1A131CF10076F5A7 /* Diffing.swift */; };
		8824A2F419B8957B00D5625A /* Input.swift in Sources */ = {isa = PBXBuildFile; fileRef = 8824A2F319B8957B00D5625A /* Input.swift */; };
		883BEC111A8EF574007DAB20 /* RealizedElement.swift in Sources */ = {isa = PBXBuildFile; fileRef = 883BEC101A8EF574007DAB20 /* RealizedElement.swift */; };
		883BEC121A8EF574007DAB20 /* RealizedElement.swift in Sources */ = {isa = PBXBuildFile; fileRef = 883BEC101A8EF574007DAB20 /* RealizedElement.swift */; };
		883CECA81A4532A600B8A510 /* Password.swift in Sources */ = {isa = PBXBuildFile; fileRef = 883CECA71A4532A600B8A510 /* Password.swift */; };
		884634EA19B7C55200896264 /* Few.framework in Frameworks */ = {isa = PBXBuildFile; fileRef = 8897687119AED88000DD079B /* Few.framework */; };
		884634EC19B7C56900896264 /* Few.framework in Copy Frameworks */ = {isa = PBXBuildFile; fileRef = 8897687119AED88000DD079B /* Few.framework */; settings = {ATTRIBUTES = (CodeSignOnCopy, RemoveHeadersOnCopy, ); }; };
		885C04F91AB1156300ACBAB1 /* Few.h in Headers */ = {isa = PBXBuildFile; fileRef = 8897687619AED88000DD079B /* Few.h */; settings = {ATTRIBUTES = (Public, ); }; };
		8872DFF71B41F64500A6DEE1 /* Few.framework in Frameworks */ = {isa = PBXBuildFile; fileRef = 888E59AD1A4684850062A36B /* Few.framework */; };
		8872DFF81B41F64500A6DEE1 /* Few.framework in Embed Frameworks */ = {isa = PBXBuildFile; fileRef = 888E59AD1A4684850062A36B /* Few.framework */; settings = {ATTRIBUTES = (CodeSignOnCopy, RemoveHeadersOnCopy, ); }; };
		888E59CD1A4684AF0062A36B /* iOS.swift in Sources */ = {isa = PBXBuildFile; fileRef = 888E59CC1A4684AF0062A36B /* iOS.swift */; };
		888E59CF1A4687330062A36B /* Element.swift in Sources */ = {isa = PBXBuildFile; fileRef = 8897688D19AED8AF00DD079B /* Element.swift */; };
		888E59D01A4687330062A36B /* Component.swift in Sources */ = {isa = PBXBuildFile; fileRef = 8897688B19AED8AF00DD079B /* Component.swift */; };
		888E59D11A4687330062A36B /* Diffing.swift in Sources */ = {isa = PBXBuildFile; fileRef = 88173A1E1A131CF10076F5A7 /* Diffing.swift */; };
		888E59D41A4687330062A36B /* Empty.swift in Sources */ = {isa = PBXBuildFile; fileRef = 88BAF29219DE3094004241BA /* Empty.swift */; };
		888E59D81A4687330062A36B /* Util.swift in Sources */ = {isa = PBXBuildFile; fileRef = 8897689419AED8AF00DD079B /* Util.swift */; };
		888E59D91A4687330062A36B /* TargetActionTrampoline.swift in Sources */ = {isa = PBXBuildFile; fileRef = 8897689319AED8AF00DD079B /* TargetActionTrampoline.swift */; };
		888E59DB1A4687E10062A36B /* QuickLook.swift in Sources */ = {isa = PBXBuildFile; fileRef = 888E59DA1A4687E10062A36B /* QuickLook.swift */; };
		8897687719AED88000DD079B /* Few.h in Headers */ = {isa = PBXBuildFile; fileRef = 8897687619AED88000DD079B /* Few.h */; settings = {ATTRIBUTES = (Public, ); }; };
		8897688119AED88000DD079B /* DiffTests.swift in Sources */ = {isa = PBXBuildFile; fileRef = 8897688019AED88000DD079B /* DiffTests.swift */; };
		8897689619AED8AF00DD079B /* Button.swift in Sources */ = {isa = PBXBuildFile; fileRef = 8897688A19AED8AF00DD079B /* Button.swift */; };
		8897689719AED8AF00DD079B /* Component.swift in Sources */ = {isa = PBXBuildFile; fileRef = 8897688B19AED8AF00DD079B /* Component.swift */; };
		8897689919AED8AF00DD079B /* Element.swift in Sources */ = {isa = PBXBuildFile; fileRef = 8897688D19AED8AF00DD079B /* Element.swift */; };
		8897689C19AED8AF00DD079B /* Label.swift in Sources */ = {isa = PBXBuildFile; fileRef = 8897689019AED8AF00DD079B /* Label.swift */; };
		8897689F19AED8AF00DD079B /* TargetActionTrampoline.swift in Sources */ = {isa = PBXBuildFile; fileRef = 8897689319AED8AF00DD079B /* TargetActionTrampoline.swift */; };
		889768A019AED8AF00DD079B /* Util.swift in Sources */ = {isa = PBXBuildFile; fileRef = 8897689419AED8AF00DD079B /* Util.swift */; };
		889768AB19AED92D00DD079B /* main.swift in Sources */ = {isa = PBXBuildFile; fileRef = 889768AA19AED92D00DD079B /* main.swift */; };
		889768AD19AED92D00DD079B /* AppDelegate.swift in Sources */ = {isa = PBXBuildFile; fileRef = 889768AC19AED92D00DD079B /* AppDelegate.swift */; };
		889768AF19AED92D00DD079B /* Images.xcassets in Resources */ = {isa = PBXBuildFile; fileRef = 889768AE19AED92D00DD079B /* Images.xcassets */; };
		889768B219AED92D00DD079B /* MainMenu.xib in Resources */ = {isa = PBXBuildFile; fileRef = 889768B019AED92D00DD079B /* MainMenu.xib */; };
		88995D6D1A855D2000526313 /* View.swift in Sources */ = {isa = PBXBuildFile; fileRef = 88995D6C1A855D2000526313 /* View.swift */; };
		889FE1BE1A4E11F000D53F3E /* QuickLook.swift in Sources */ = {isa = PBXBuildFile; fileRef = 888E59DA1A4687E10062A36B /* QuickLook.swift */; };
		88BAF29319DE3094004241BA /* Empty.swift in Sources */ = {isa = PBXBuildFile; fileRef = 88BAF29219DE3094004241BA /* Empty.swift */; };
		88DF47351A42824100F3F497 /* Mac.swift in Sources */ = {isa = PBXBuildFile; fileRef = 88DF47341A42824100F3F497 /* Mac.swift */; };
		88E4F88B1AC79707006FED1F /* Counter.swift in Sources */ = {isa = PBXBuildFile; fileRef = 88E4F88A1AC79707006FED1F /* Counter.swift */; };
		A2B9C7481AB387F7002648DA /* TableView.swift in Sources */ = {isa = PBXBuildFile; fileRef = A2B9C7471AB387F7002648DA /* TableView.swift */; };
		A2B9C7501AB390B3002648DA /* Image.swift in Sources */ = {isa = PBXBuildFile; fileRef = A2B9C74F1AB390B3002648DA /* Image.swift */; };
		A2B9C7521AB3924D002648DA /* Apple_Swift_Logo.png in Resources */ = {isa = PBXBuildFile; fileRef = A2B9C7511AB3924D002648DA /* Apple_Swift_Logo.png */; };
		A2B9C7541AB43D0A002648DA /* Input.swift in Sources */ = {isa = PBXBuildFile; fileRef = A2B9C7531AB43D0A002648DA /* Input.swift */; };
		A2FA88E51AB33B4000561FBF /* AppDelegate.swift in Sources */ = {isa = PBXBuildFile; fileRef = A2FA88E41AB33B4000561FBF /* AppDelegate.swift */; };
		A2FA88E71AB33B4000561FBF /* ViewController.swift in Sources */ = {isa = PBXBuildFile; fileRef = A2FA88E61AB33B4000561FBF /* ViewController.swift */; };
		A2FA88EC1AB33B4000561FBF /* Images.xcassets in Resources */ = {isa = PBXBuildFile; fileRef = A2FA88EB1AB33B4000561FBF /* Images.xcassets */; };
		A2FA88EF1AB33B4000561FBF /* LaunchScreen.xib in Resources */ = {isa = PBXBuildFile; fileRef = A2FA88ED1AB33B4000561FBF /* LaunchScreen.xib */; };
		A2FA89131AB33C1F00561FBF /* View.swift in Sources */ = {isa = PBXBuildFile; fileRef = A2FA89121AB33C1F00561FBF /* View.swift */; };
		A2FA89151AB33E0800561FBF /* Button.swift in Sources */ = {isa = PBXBuildFile; fileRef = A2FA89141AB33E0800561FBF /* Button.swift */; };
		A2FA89171AB33EDA00561FBF /* Label.swift in Sources */ = {isa = PBXBuildFile; fileRef = A2FA89161AB33EDA00561FBF /* Label.swift */; };
		CC2C507B1AFEC93D00019685 /* SwiftBox.framework in Frameworks */ = {isa = PBXBuildFile; fileRef = CC2C507A1AFEC93D00019685 /* SwiftBox.framework */; };
		CC2C507E1AFEC95900019685 /* SwiftBox.framework in Frameworks */ = {isa = PBXBuildFile; fileRef = CC2C507D1AFEC95900019685 /* SwiftBox.framework */; };
		CC2C50811AFEC99700019685 /* Quick.framework in Frameworks */ = {isa = PBXBuildFile; fileRef = CC2C50801AFEC99700019685 /* Quick.framework */; };
		CC2C50831AFEC9AE00019685 /* Quick.framework in Copy Frameworks */ = {isa = PBXBuildFile; fileRef = CC2C50801AFEC99700019685 /* Quick.framework */; settings = {ATTRIBUTES = (CodeSignOnCopy, RemoveHeadersOnCopy, ); }; };
		CC2C50851AFECA8100019685 /* Nimble.framework in Frameworks */ = {isa = PBXBuildFile; fileRef = CC2C50841AFECA8100019685 /* Nimble.framework */; };
		CC2C50861AFECA9300019685 /* Nimble.framework in Copy Frameworks */ = {isa = PBXBuildFile; fileRef = CC2C50841AFECA8100019685 /* Nimble.framework */; settings = {ATTRIBUTES = (CodeSignOnCopy, RemoveHeadersOnCopy, ); }; };
		CC2C50871AFECAA500019685 /* SwiftBox.framework in Frameworks */ = {isa = PBXBuildFile; fileRef = CC2C507D1AFEC95900019685 /* SwiftBox.framework */; };
		CC2C50881AFECAAA00019685 /* SwiftBox.framework in Copy Frameworks */ = {isa = PBXBuildFile; fileRef = CC2C507D1AFEC95900019685 /* SwiftBox.framework */; settings = {ATTRIBUTES = (CodeSignOnCopy, RemoveHeadersOnCopy, ); }; };
		CC2C50891AFECB0000019685 /* SwiftBox.framework in Frameworks */ = {isa = PBXBuildFile; fileRef = CC2C507D1AFEC95900019685 /* SwiftBox.framework */; };
		CC2C508B1AFECB0600019685 /* SwiftBox.framework in Copy Frameworks */ = {isa = PBXBuildFile; fileRef = CC2C507D1AFEC95900019685 /* SwiftBox.framework */; settings = {ATTRIBUTES = (CodeSignOnCopy, RemoveHeadersOnCopy, ); }; };
		CC2C508C1AFECB0B00019685 /* SwiftBox.framework in Frameworks */ = {isa = PBXBuildFile; fileRef = CC2C507A1AFEC93D00019685 /* SwiftBox.framework */; };
		CC2C508D1AFECB0B00019685 /* SwiftBox.framework in Embed Frameworks */ = {isa = PBXBuildFile; fileRef = CC2C507A1AFEC93D00019685 /* SwiftBox.framework */; settings = {ATTRIBUTES = (CodeSignOnCopy, RemoveHeadersOnCopy, ); }; };
/* End PBXBuildFile section */

/* Begin PBXContainerItemProxy section */
		884634E819B7C54B00896264 /* PBXContainerItemProxy */ = {
			isa = PBXContainerItemProxy;
			containerPortal = 8897686819AED88000DD079B /* Project object */;
			proxyType = 1;
			remoteGlobalIDString = 8897687019AED88000DD079B;
			remoteInfo = Few;
		};
		884CBA251A28284100EDE9B2 /* PBXContainerItemProxy */ = {
			isa = PBXContainerItemProxy;
			containerPortal = 8897686819AED88000DD079B /* Project object */;
			proxyType = 1;
			remoteGlobalIDString = 8897687019AED88000DD079B;
			remoteInfo = Few;
		};
		8872DFF91B41F64500A6DEE1 /* PBXContainerItemProxy */ = {
			isa = PBXContainerItemProxy;
			containerPortal = 8897686819AED88000DD079B /* Project object */;
			proxyType = 1;
			remoteGlobalIDString = 888E59AC1A4684850062A36B;
			remoteInfo = "Few-iOS";
		};
/* End PBXContainerItemProxy section */

/* Begin PBXCopyFilesBuildPhase section */
		884634EB19B7C55A00896264 /* Copy Frameworks */ = {
			isa = PBXCopyFilesBuildPhase;
			buildActionMask = 2147483647;
			dstPath = "";
			dstSubfolderSpec = 10;
			files = (
				CC2C508B1AFECB0600019685 /* SwiftBox.framework in Copy Frameworks */,
				884634EC19B7C56900896264 /* Few.framework in Copy Frameworks */,
			);
			name = "Copy Frameworks";
			runOnlyForDeploymentPostprocessing = 0;
		};
		A2FA89111AB33BA500561FBF /* Embed Frameworks */ = {
			isa = PBXCopyFilesBuildPhase;
			buildActionMask = 2147483647;
			dstPath = "";
			dstSubfolderSpec = 10;
			files = (
				CC2C508D1AFECB0B00019685 /* SwiftBox.framework in Embed Frameworks */,
				8872DFF81B41F64500A6DEE1 /* Few.framework in Embed Frameworks */,
			);
			name = "Embed Frameworks";
			runOnlyForDeploymentPostprocessing = 0;
		};
		CC2C50821AFEC9A000019685 /* Copy Frameworks */ = {
			isa = PBXCopyFilesBuildPhase;
			buildActionMask = 2147483647;
			dstPath = "";
			dstSubfolderSpec = 10;
			files = (
				CC2C50861AFECA9300019685 /* Nimble.framework in Copy Frameworks */,
				CC2C50831AFEC9AE00019685 /* Quick.framework in Copy Frameworks */,
				CC2C50881AFECAAA00019685 /* SwiftBox.framework in Copy Frameworks */,
			);
			name = "Copy Frameworks";
			runOnlyForDeploymentPostprocessing = 0;
		};
/* End PBXCopyFilesBuildPhase section */

/* Begin PBXFileReference section */
		8809AC691AA60B1200D5A518 /* Image.swift */ = {isa = PBXFileReference; fileEncoding = 4; lastKnownFileType = sourcecode.swift; path = Image.swift; sourceTree = "<group>"; };
		880A22B81A992167001D07E6 /* TableView.swift */ = {isa = PBXFileReference; fileEncoding = 4; lastKnownFileType = sourcecode.swift; path = TableView.swift; sourceTree = "<group>"; };
		880E4AFC1AA2A4A40080F3BF /* CustomButton.swift */ = {isa = PBXFileReference; fileEncoding = 4; lastKnownFileType = sourcecode.swift; path = CustomButton.swift; sourceTree = "<group>"; };
		88102D3E1AAFD2AF003C8B7F /* TemperatureConverter.swift */ = {isa = PBXFileReference; fileEncoding = 4; lastKnownFileType = sourcecode.swift; path = TemperatureConverter.swift; sourceTree = "<group>"; };
		88102D461AAFD3C9003C8B7F /* Demo.swift */ = {isa = PBXFileReference; fileEncoding = 4; lastKnownFileType = sourcecode.swift; path = Demo.swift; sourceTree = "<group>"; };
		88173A1E1A131CF10076F5A7 /* Diffing.swift */ = {isa = PBXFileReference; fileEncoding = 4; lastKnownFileType = sourcecode.swift; path = Diffing.swift; sourceTree = "<group>"; };
		8824A2F319B8957B00D5625A /* Input.swift */ = {isa = PBXFileReference; fileEncoding = 4; lastKnownFileType = sourcecode.swift; path = Input.swift; sourceTree = "<group>"; };
		883BEC101A8EF574007DAB20 /* RealizedElement.swift */ = {isa = PBXFileReference; fileEncoding = 4; lastKnownFileType = sourcecode.swift; path = RealizedElement.swift; sourceTree = "<group>"; };
		883CECA71A4532A600B8A510 /* Password.swift */ = {isa = PBXFileReference; fileEncoding = 4; lastKnownFileType = sourcecode.swift; path = Password.swift; sourceTree = "<group>"; };
		888E59AD1A4684850062A36B /* Few.framework */ = {isa = PBXFileReference; explicitFileType = wrapper.framework; includeInIndex = 0; path = Few.framework; sourceTree = BUILT_PRODUCTS_DIR; };
		888E59B01A4684850062A36B /* Info.plist */ = {isa = PBXFileReference; lastKnownFileType = text.plist.xml; path = Info.plist; sourceTree = "<group>"; };
		888E59CC1A4684AF0062A36B /* iOS.swift */ = {isa = PBXFileReference; fileEncoding = 4; lastKnownFileType = sourcecode.swift; path = iOS.swift; sourceTree = "<group>"; };
		888E59DA1A4687E10062A36B /* QuickLook.swift */ = {isa = PBXFileReference; fileEncoding = 4; lastKnownFileType = sourcecode.swift; name = QuickLook.swift; path = "../Few-Mac/QuickLook.swift"; sourceTree = "<group>"; };
		8897687119AED88000DD079B /* Few.framework */ = {isa = PBXFileReference; explicitFileType = wrapper.framework; includeInIndex = 0; path = Few.framework; sourceTree = BUILT_PRODUCTS_DIR; };
		8897687519AED88000DD079B /* Info.plist */ = {isa = PBXFileReference; lastKnownFileType = text.plist.xml; path = Info.plist; sourceTree = "<group>"; };
		8897687619AED88000DD079B /* Few.h */ = {isa = PBXFileReference; lastKnownFileType = sourcecode.c.h; path = Few.h; sourceTree = "<group>"; };
		8897687C19AED88000DD079B /* FewTests.xctest */ = {isa = PBXFileReference; explicitFileType = wrapper.cfbundle; includeInIndex = 0; path = FewTests.xctest; sourceTree = BUILT_PRODUCTS_DIR; };
		8897687F19AED88000DD079B /* Info.plist */ = {isa = PBXFileReference; lastKnownFileType = text.plist.xml; path = Info.plist; sourceTree = "<group>"; };
		8897688019AED88000DD079B /* DiffTests.swift */ = {isa = PBXFileReference; lastKnownFileType = sourcecode.swift; path = DiffTests.swift; sourceTree = "<group>"; };
		8897688A19AED8AF00DD079B /* Button.swift */ = {isa = PBXFileReference; fileEncoding = 4; lastKnownFileType = sourcecode.swift; path = Button.swift; sourceTree = "<group>"; };
		8897688B19AED8AF00DD079B /* Component.swift */ = {isa = PBXFileReference; fileEncoding = 4; lastKnownFileType = sourcecode.swift; path = Component.swift; sourceTree = "<group>"; };
		8897688D19AED8AF00DD079B /* Element.swift */ = {isa = PBXFileReference; fileEncoding = 4; lastKnownFileType = sourcecode.swift; path = Element.swift; sourceTree = "<group>"; };
		8897689019AED8AF00DD079B /* Label.swift */ = {isa = PBXFileReference; fileEncoding = 4; lastKnownFileType = sourcecode.swift; path = Label.swift; sourceTree = "<group>"; };
		8897689319AED8AF00DD079B /* TargetActionTrampoline.swift */ = {isa = PBXFileReference; fileEncoding = 4; lastKnownFileType = sourcecode.swift; path = TargetActionTrampoline.swift; sourceTree = "<group>"; };
		8897689419AED8AF00DD079B /* Util.swift */ = {isa = PBXFileReference; fileEncoding = 4; lastKnownFileType = sourcecode.swift; path = Util.swift; sourceTree = "<group>"; };
		889768A619AED92D00DD079B /* FewDemo.app */ = {isa = PBXFileReference; explicitFileType = wrapper.application; includeInIndex = 0; path = FewDemo.app; sourceTree = BUILT_PRODUCTS_DIR; };
		889768A919AED92D00DD079B /* Info.plist */ = {isa = PBXFileReference; lastKnownFileType = text.plist.xml; path = Info.plist; sourceTree = "<group>"; };
		889768AA19AED92D00DD079B /* main.swift */ = {isa = PBXFileReference; lastKnownFileType = sourcecode.swift; path = main.swift; sourceTree = "<group>"; };
		889768AC19AED92D00DD079B /* AppDelegate.swift */ = {isa = PBXFileReference; lastKnownFileType = sourcecode.swift; path = AppDelegate.swift; sourceTree = "<group>"; };
		889768AE19AED92D00DD079B /* Images.xcassets */ = {isa = PBXFileReference; lastKnownFileType = folder.assetcatalog; path = Images.xcassets; sourceTree = "<group>"; };
		889768B119AED92D00DD079B /* Base */ = {isa = PBXFileReference; lastKnownFileType = file.xib; name = Base; path = Base.lproj/MainMenu.xib; sourceTree = "<group>"; };
		88995D6C1A855D2000526313 /* View.swift */ = {isa = PBXFileReference; fileEncoding = 4; lastKnownFileType = sourcecode.swift; name = View.swift; path = ../FewCore/View.swift; sourceTree = "<group>"; };
		88BAF29219DE3094004241BA /* Empty.swift */ = {isa = PBXFileReference; fileEncoding = 4; lastKnownFileType = sourcecode.swift; path = Empty.swift; sourceTree = "<group>"; };
		88BEF38D19AED9D5009197F0 /* MyPlayground.playground */ = {isa = PBXFileReference; lastKnownFileType = file.playground; path = MyPlayground.playground; sourceTree = "<group>"; };
		88DF47341A42824100F3F497 /* Mac.swift */ = {isa = PBXFileReference; fileEncoding = 4; lastKnownFileType = sourcecode.swift; path = Mac.swift; sourceTree = "<group>"; };
		88E4F88A1AC79707006FED1F /* Counter.swift */ = {isa = PBXFileReference; fileEncoding = 4; lastKnownFileType = sourcecode.swift; path = Counter.swift; sourceTree = "<group>"; };
		A2B9C7471AB387F7002648DA /* TableView.swift */ = {isa = PBXFileReference; fileEncoding = 4; lastKnownFileType = sourcecode.swift; path = TableView.swift; sourceTree = "<group>"; };
		A2B9C74F1AB390B3002648DA /* Image.swift */ = {isa = PBXFileReference; fileEncoding = 4; lastKnownFileType = sourcecode.swift; path = Image.swift; sourceTree = "<group>"; };
		A2B9C7511AB3924D002648DA /* Apple_Swift_Logo.png */ = {isa = PBXFileReference; lastKnownFileType = image.png; path = Apple_Swift_Logo.png; sourceTree = "<group>"; };
		A2B9C7531AB43D0A002648DA /* Input.swift */ = {isa = PBXFileReference; fileEncoding = 4; lastKnownFileType = sourcecode.swift; path = Input.swift; sourceTree = "<group>"; };
		A2FA88E01AB33B4000561FBF /* FewDemo-iOS.app */ = {isa = PBXFileReference; explicitFileType = wrapper.application; includeInIndex = 0; path = "FewDemo-iOS.app"; sourceTree = BUILT_PRODUCTS_DIR; };
		A2FA88E31AB33B4000561FBF /* Info.plist */ = {isa = PBXFileReference; lastKnownFileType = text.plist.xml; path = Info.plist; sourceTree = "<group>"; };
		A2FA88E41AB33B4000561FBF /* AppDelegate.swift */ = {isa = PBXFileReference; lastKnownFileType = sourcecode.swift; path = AppDelegate.swift; sourceTree = "<group>"; };
		A2FA88E61AB33B4000561FBF /* ViewController.swift */ = {isa = PBXFileReference; lastKnownFileType = sourcecode.swift; path = ViewController.swift; sourceTree = "<group>"; };
		A2FA88EB1AB33B4000561FBF /* Images.xcassets */ = {isa = PBXFileReference; lastKnownFileType = folder.assetcatalog; path = Images.xcassets; sourceTree = "<group>"; };
		A2FA88EE1AB33B4000561FBF /* Base */ = {isa = PBXFileReference; lastKnownFileType = file.xib; name = Base; path = Base.lproj/LaunchScreen.xib; sourceTree = "<group>"; };
		A2FA89121AB33C1F00561FBF /* View.swift */ = {isa = PBXFileReference; fileEncoding = 4; lastKnownFileType = sourcecode.swift; path = View.swift; sourceTree = "<group>"; };
		A2FA89141AB33E0800561FBF /* Button.swift */ = {isa = PBXFileReference; fileEncoding = 4; lastKnownFileType = sourcecode.swift; path = Button.swift; sourceTree = "<group>"; };
		A2FA89161AB33EDA00561FBF /* Label.swift */ = {isa = PBXFileReference; fileEncoding = 4; lastKnownFileType = sourcecode.swift; path = Label.swift; sourceTree = "<group>"; };
		CC2C507A1AFEC93D00019685 /* SwiftBox.framework */ = {isa = PBXFileReference; lastKnownFileType = wrapper.framework; name = SwiftBox.framework; path = Carthage/Build/iOS/SwiftBox.framework; sourceTree = "<group>"; };
		CC2C507D1AFEC95900019685 /* SwiftBox.framework */ = {isa = PBXFileReference; lastKnownFileType = wrapper.framework; name = SwiftBox.framework; path = Carthage/Build/Mac/SwiftBox.framework; sourceTree = "<group>"; };
		CC2C50801AFEC99700019685 /* Quick.framework */ = {isa = PBXFileReference; lastKnownFileType = wrapper.framework; name = Quick.framework; path = Carthage/Build/Mac/Quick.framework; sourceTree = SOURCE_ROOT; };
		CC2C50841AFECA8100019685 /* Nimble.framework */ = {isa = PBXFileReference; lastKnownFileType = wrapper.framework; name = Nimble.framework; path = Carthage/Build/Mac/Nimble.framework; sourceTree = SOURCE_ROOT; };
/* End PBXFileReference section */

/* Begin PBXFrameworksBuildPhase section */
		888E59A91A4684850062A36B /* Frameworks */ = {
			isa = PBXFrameworksBuildPhase;
			buildActionMask = 2147483647;
			files = (
				CC2C507B1AFEC93D00019685 /* SwiftBox.framework in Frameworks */,
			);
			runOnlyForDeploymentPostprocessing = 0;
		};
		8897686D19AED88000DD079B /* Frameworks */ = {
			isa = PBXFrameworksBuildPhase;
			buildActionMask = 2147483647;
			files = (
				CC2C507E1AFEC95900019685 /* SwiftBox.framework in Frameworks */,
			);
			runOnlyForDeploymentPostprocessing = 0;
		};
		8897687919AED88000DD079B /* Frameworks */ = {
			isa = PBXFrameworksBuildPhase;
			buildActionMask = 2147483647;
			files = (
				CC2C50871AFECAA500019685 /* SwiftBox.framework in Frameworks */,
				CC2C50811AFEC99700019685 /* Quick.framework in Frameworks */,
				CC2C50851AFECA8100019685 /* Nimble.framework in Frameworks */,
			);
			runOnlyForDeploymentPostprocessing = 0;
		};
		889768A319AED92D00DD079B /* Frameworks */ = {
			isa = PBXFrameworksBuildPhase;
			buildActionMask = 2147483647;
			files = (
				884634EA19B7C55200896264 /* Few.framework in Frameworks */,
				CC2C50891AFECB0000019685 /* SwiftBox.framework in Frameworks */,
			);
			runOnlyForDeploymentPostprocessing = 0;
		};
		A2FA88DD1AB33B4000561FBF /* Frameworks */ = {
			isa = PBXFrameworksBuildPhase;
			buildActionMask = 2147483647;
			files = (
				CC2C508C1AFECB0B00019685 /* SwiftBox.framework in Frameworks */,
				8872DFF71B41F64500A6DEE1 /* Few.framework in Frameworks */,
			);
			runOnlyForDeploymentPostprocessing = 0;
		};
/* End PBXFrameworksBuildPhase section */

/* Begin PBXGroup section */
		888E59AE1A4684850062A36B /* Few-iOS */ = {
			isa = PBXGroup;
			children = (
				888E59CC1A4684AF0062A36B /* iOS.swift */,
				A2FA89121AB33C1F00561FBF /* View.swift */,
				A2FA89141AB33E0800561FBF /* Button.swift */,
				A2FA89161AB33EDA00561FBF /* Label.swift */,
				A2B9C7471AB387F7002648DA /* TableView.swift */,
				A2B9C74F1AB390B3002648DA /* Image.swift */,
				A2B9C7531AB43D0A002648DA /* Input.swift */,
				888E59AF1A4684850062A36B /* Supporting Files */,
			);
			path = "Few-iOS";
			sourceTree = "<group>";
		};
		888E59AF1A4684850062A36B /* Supporting Files */ = {
			isa = PBXGroup;
			children = (
				888E59B01A4684850062A36B /* Info.plist */,
			);
			name = "Supporting Files";
			sourceTree = "<group>";
		};
		888E59CE1A4685A80062A36B /* Few-Mac */ = {
			isa = PBXGroup;
			children = (
				88DF47341A42824100F3F497 /* Mac.swift */,
				88995D6C1A855D2000526313 /* View.swift */,
				8897688A19AED8AF00DD079B /* Button.swift */,
				8897689019AED8AF00DD079B /* Label.swift */,
				8824A2F319B8957B00D5625A /* Input.swift */,
				883CECA71A4532A600B8A510 /* Password.swift */,
				880A22B81A992167001D07E6 /* TableView.swift */,
				8809AC691AA60B1200D5A518 /* Image.swift */,
				8897687419AED88000DD079B /* Supporting Files */,
			);
			path = "Few-Mac";
			sourceTree = "<group>";
		};
		8897686719AED88000DD079B = {
			isa = PBXGroup;
			children = (
				8897687319AED88000DD079B /* FewCore */,
				888E59CE1A4685A80062A36B /* Few-Mac */,
				888E59AE1A4684850062A36B /* Few-iOS */,
				8897687D19AED88000DD079B /* FewTests */,
				889768A719AED92D00DD079B /* FewDemo */,
				A2FA88E11AB33B4000561FBF /* FewDemo-iOS */,
				CC2C507F1AFEC95B00019685 /* Frameworks-Mac */,
				CC2C507C1AFEC94000019685 /* Frameworks-iOS */,
				8897687219AED88000DD079B /* Products */,
			);
			sourceTree = "<group>";
			usesTabs = 1;
		};
		8897687219AED88000DD079B /* Products */ = {
			isa = PBXGroup;
			children = (
				8897687119AED88000DD079B /* Few.framework */,
				8897687C19AED88000DD079B /* FewTests.xctest */,
				889768A619AED92D00DD079B /* FewDemo.app */,
				888E59AD1A4684850062A36B /* Few.framework */,
				A2FA88E01AB33B4000561FBF /* FewDemo-iOS.app */,
			);
			name = Products;
			sourceTree = "<group>";
		};
		8897687319AED88000DD079B /* FewCore */ = {
			isa = PBXGroup;
			children = (
				8897687619AED88000DD079B /* Few.h */,
				8897688D19AED8AF00DD079B /* Element.swift */,
				883BEC101A8EF574007DAB20 /* RealizedElement.swift */,
				8897688B19AED8AF00DD079B /* Component.swift */,
				88173A1E1A131CF10076F5A7 /* Diffing.swift */,
				88BAF29219DE3094004241BA /* Empty.swift */,
				8897689419AED8AF00DD079B /* Util.swift */,
				8897689319AED8AF00DD079B /* TargetActionTrampoline.swift */,
				888E59DA1A4687E10062A36B /* QuickLook.swift */,
			);
			path = FewCore;
			sourceTree = "<group>";
		};
		8897687419AED88000DD079B /* Supporting Files */ = {
			isa = PBXGroup;
			children = (
				8897687519AED88000DD079B /* Info.plist */,
			);
			name = "Supporting Files";
			sourceTree = "<group>";
		};
		8897687D19AED88000DD079B /* FewTests */ = {
			isa = PBXGroup;
			children = (
				8897688019AED88000DD079B /* DiffTests.swift */,
				8897687E19AED88000DD079B /* Supporting Files */,
			);
			path = FewTests;
			sourceTree = "<group>";
		};
		8897687E19AED88000DD079B /* Supporting Files */ = {
			isa = PBXGroup;
			children = (
				CC2C50841AFECA8100019685 /* Nimble.framework */,
				CC2C50801AFEC99700019685 /* Quick.framework */,
				8897687F19AED88000DD079B /* Info.plist */,
			);
			name = "Supporting Files";
			sourceTree = "<group>";
		};
		889768A719AED92D00DD079B /* FewDemo */ = {
			isa = PBXGroup;
			children = (
				88BEF38D19AED9D5009197F0 /* MyPlayground.playground */,
				889768AC19AED92D00DD079B /* AppDelegate.swift */,
				88E4F88A1AC79707006FED1F /* Counter.swift */,
				88102D3E1AAFD2AF003C8B7F /* TemperatureConverter.swift */,
				88102D461AAFD3C9003C8B7F /* Demo.swift */,
				880E4AFC1AA2A4A40080F3BF /* CustomButton.swift */,
				889768AE19AED92D00DD079B /* Images.xcassets */,
				889768B019AED92D00DD079B /* MainMenu.xib */,
				889768A819AED92D00DD079B /* Supporting Files */,
			);
			path = FewDemo;
			sourceTree = "<group>";
		};
		889768A819AED92D00DD079B /* Supporting Files */ = {
			isa = PBXGroup;
			children = (
				889768A919AED92D00DD079B /* Info.plist */,
				889768AA19AED92D00DD079B /* main.swift */,
			);
			name = "Supporting Files";
			sourceTree = "<group>";
		};
		A2FA88E11AB33B4000561FBF /* FewDemo-iOS */ = {
			isa = PBXGroup;
			children = (
				A2B9C7511AB3924D002648DA /* Apple_Swift_Logo.png */,
				A2FA88E41AB33B4000561FBF /* AppDelegate.swift */,
				A2FA88E61AB33B4000561FBF /* ViewController.swift */,
				A2FA88EB1AB33B4000561FBF /* Images.xcassets */,
				A2FA88ED1AB33B4000561FBF /* LaunchScreen.xib */,
				A2FA88E21AB33B4000561FBF /* Supporting Files */,
			);
			path = "FewDemo-iOS";
			sourceTree = "<group>";
		};
		A2FA88E21AB33B4000561FBF /* Supporting Files */ = {
			isa = PBXGroup;
			children = (
				A2FA88E31AB33B4000561FBF /* Info.plist */,
			);
			name = "Supporting Files";
			sourceTree = "<group>";
		};
		CC2C507C1AFEC94000019685 /* Frameworks-iOS */ = {
			isa = PBXGroup;
			children = (
				CC2C507A1AFEC93D00019685 /* SwiftBox.framework */,
			);
			name = "Frameworks-iOS";
			sourceTree = "<group>";
		};
		CC2C507F1AFEC95B00019685 /* Frameworks-Mac */ = {
			isa = PBXGroup;
			children = (
				CC2C507D1AFEC95900019685 /* SwiftBox.framework */,
			);
			name = "Frameworks-Mac";
			sourceTree = "<group>";
		};
/* End PBXGroup section */

/* Begin PBXHeadersBuildPhase section */
		888E59AA1A4684850062A36B /* Headers */ = {
			isa = PBXHeadersBuildPhase;
			buildActionMask = 2147483647;
			files = (
				885C04F91AB1156300ACBAB1 /* Few.h in Headers */,
			);
			runOnlyForDeploymentPostprocessing = 0;
		};
		8897686E19AED88000DD079B /* Headers */ = {
			isa = PBXHeadersBuildPhase;
			buildActionMask = 2147483647;
			files = (
				8897687719AED88000DD079B /* Few.h in Headers */,
			);
			runOnlyForDeploymentPostprocessing = 0;
		};
/* End PBXHeadersBuildPhase section */

/* Begin PBXNativeTarget section */
		888E59AC1A4684850062A36B /* Few-iOS */ = {
			isa = PBXNativeTarget;
			buildConfigurationList = 888E59CA1A4684850062A36B /* Build configuration list for PBXNativeTarget "Few-iOS" */;
			buildPhases = (
				888E59A81A4684850062A36B /* Sources */,
				888E59A91A4684850062A36B /* Frameworks */,
				888E59AA1A4684850062A36B /* Headers */,
				888E59AB1A4684850062A36B /* Resources */,
			);
			buildRules = (
			);
			dependencies = (
			);
			name = "Few-iOS";
			productName = "Few-iOS";
			productReference = 888E59AD1A4684850062A36B /* Few.framework */;
			productType = "com.apple.product-type.framework";
		};
		8897687019AED88000DD079B /* Few-Mac */ = {
			isa = PBXNativeTarget;
			buildConfigurationList = 8897688419AED88000DD079B /* Build configuration list for PBXNativeTarget "Few-Mac" */;
			buildPhases = (
				8897686C19AED88000DD079B /* Sources */,
				8897686D19AED88000DD079B /* Frameworks */,
				8897686E19AED88000DD079B /* Headers */,
				8897686F19AED88000DD079B /* Resources */,
			);
			buildRules = (
			);
			dependencies = (
			);
			name = "Few-Mac";
			productName = Few;
			productReference = 8897687119AED88000DD079B /* Few.framework */;
			productType = "com.apple.product-type.framework";
		};
		8897687B19AED88000DD079B /* FewTests */ = {
			isa = PBXNativeTarget;
			buildConfigurationList = 8897688719AED88000DD079B /* Build configuration list for PBXNativeTarget "FewTests" */;
			buildPhases = (
				8897687819AED88000DD079B /* Sources */,
				8897687919AED88000DD079B /* Frameworks */,
				8897687A19AED88000DD079B /* Resources */,
				CC2C50821AFEC9A000019685 /* Copy Frameworks */,
			);
			buildRules = (
			);
			dependencies = (
				884CBA261A28284100EDE9B2 /* PBXTargetDependency */,
			);
			name = FewTests;
			productName = FewTests;
			productReference = 8897687C19AED88000DD079B /* FewTests.xctest */;
			productType = "com.apple.product-type.bundle.unit-test";
		};
		889768A519AED92D00DD079B /* FewDemo */ = {
			isa = PBXNativeTarget;
			buildConfigurationList = 889768C319AED92D00DD079B /* Build configuration list for PBXNativeTarget "FewDemo" */;
			buildPhases = (
				889768A219AED92D00DD079B /* Sources */,
				889768A319AED92D00DD079B /* Frameworks */,
				889768A419AED92D00DD079B /* Resources */,
				884634EB19B7C55A00896264 /* Copy Frameworks */,
			);
			buildRules = (
			);
			dependencies = (
				884634E919B7C54B00896264 /* PBXTargetDependency */,
			);
			name = FewDemo;
			productName = FewDemo;
			productReference = 889768A619AED92D00DD079B /* FewDemo.app */;
			productType = "com.apple.product-type.application";
		};
		A2FA88DF1AB33B4000561FBF /* FewDemo-iOS */ = {
			isa = PBXNativeTarget;
			buildConfigurationList = A2FA89061AB33B4000561FBF /* Build configuration list for PBXNativeTarget "FewDemo-iOS" */;
			buildPhases = (
				A2FA88DC1AB33B4000561FBF /* Sources */,
				A2FA88DD1AB33B4000561FBF /* Frameworks */,
				A2FA88DE1AB33B4000561FBF /* Resources */,
				A2FA89111AB33BA500561FBF /* Embed Frameworks */,
			);
			buildRules = (
			);
			dependencies = (
				8872DFFA1B41F64500A6DEE1 /* PBXTargetDependency */,
			);
			name = "FewDemo-iOS";
			productName = "FewDemo-iOS";
			productReference = A2FA88E01AB33B4000561FBF /* FewDemo-iOS.app */;
			productType = "com.apple.product-type.application";
		};
/* End PBXNativeTarget section */

/* Begin PBXProject section */
		8897686819AED88000DD079B /* Project object */ = {
			isa = PBXProject;
			attributes = {
				LastUpgradeCheck = 0600;
				ORGANIZATIONNAME = "Josh Abernathy";
				TargetAttributes = {
					888E59AC1A4684850062A36B = {
						CreatedOnToolsVersion = 6.2;
					};
					8897687019AED88000DD079B = {
						CreatedOnToolsVersion = 6.0;
					};
					8897687B19AED88000DD079B = {
						CreatedOnToolsVersion = 6.0;
					};
					889768A519AED92D00DD079B = {
						CreatedOnToolsVersion = 6.0;
					};
					A2FA88DF1AB33B4000561FBF = {
						CreatedOnToolsVersion = 6.2;
					};
				};
			};
			buildConfigurationList = 8897686B19AED88000DD079B /* Build configuration list for PBXProject "Few" */;
			compatibilityVersion = "Xcode 3.2";
			developmentRegion = English;
			hasScannedForEncodings = 0;
			knownRegions = (
				en,
				Base,
			);
			mainGroup = 8897686719AED88000DD079B;
			productRefGroup = 8897687219AED88000DD079B /* Products */;
			projectDirPath = "";
			projectRoot = "";
			targets = (
				8897687019AED88000DD079B /* Few-Mac */,
				888E59AC1A4684850062A36B /* Few-iOS */,
				8897687B19AED88000DD079B /* FewTests */,
				889768A519AED92D00DD079B /* FewDemo */,
				A2FA88DF1AB33B4000561FBF /* FewDemo-iOS */,
			);
		};
/* End PBXProject section */

/* Begin PBXResourcesBuildPhase section */
		888E59AB1A4684850062A36B /* Resources */ = {
			isa = PBXResourcesBuildPhase;
			buildActionMask = 2147483647;
			files = (
			);
			runOnlyForDeploymentPostprocessing = 0;
		};
		8897686F19AED88000DD079B /* Resources */ = {
			isa = PBXResourcesBuildPhase;
			buildActionMask = 2147483647;
			files = (
			);
			runOnlyForDeploymentPostprocessing = 0;
		};
		8897687A19AED88000DD079B /* Resources */ = {
			isa = PBXResourcesBuildPhase;
			buildActionMask = 2147483647;
			files = (
			);
			runOnlyForDeploymentPostprocessing = 0;
		};
		889768A419AED92D00DD079B /* Resources */ = {
			isa = PBXResourcesBuildPhase;
			buildActionMask = 2147483647;
			files = (
				889768AF19AED92D00DD079B /* Images.xcassets in Resources */,
				889768B219AED92D00DD079B /* MainMenu.xib in Resources */,
			);
			runOnlyForDeploymentPostprocessing = 0;
		};
		A2FA88DE1AB33B4000561FBF /* Resources */ = {
			isa = PBXResourcesBuildPhase;
			buildActionMask = 2147483647;
			files = (
				A2B9C7521AB3924D002648DA /* Apple_Swift_Logo.png in Resources */,
				A2FA88EF1AB33B4000561FBF /* LaunchScreen.xib in Resources */,
				A2FA88EC1AB33B4000561FBF /* Images.xcassets in Resources */,
			);
			runOnlyForDeploymentPostprocessing = 0;
		};
/* End PBXResourcesBuildPhase section */

/* Begin PBXSourcesBuildPhase section */
		888E59A81A4684850062A36B /* Sources */ = {
			isa = PBXSourcesBuildPhase;
			buildActionMask = 2147483647;
			files = (
				A2B9C7541AB43D0A002648DA /* Input.swift in Sources */,
				888E59D81A4687330062A36B /* Util.swift in Sources */,
				888E59CF1A4687330062A36B /* Element.swift in Sources */,
				A2FA89171AB33EDA00561FBF /* Label.swift in Sources */,
				A2FA89131AB33C1F00561FBF /* View.swift in Sources */,
				888E59D01A4687330062A36B /* Component.swift in Sources */,
				888E59D91A4687330062A36B /* TargetActionTrampoline.swift in Sources */,
				888E59CD1A4684AF0062A36B /* iOS.swift in Sources */,
				A2B9C7501AB390B3002648DA /* Image.swift in Sources */,
				888E59D41A4687330062A36B /* Empty.swift in Sources */,
				A2B9C7481AB387F7002648DA /* TableView.swift in Sources */,
				889FE1BE1A4E11F000D53F3E /* QuickLook.swift in Sources */,
				883BEC121A8EF574007DAB20 /* RealizedElement.swift in Sources */,
				888E59D11A4687330062A36B /* Diffing.swift in Sources */,
				A2FA89151AB33E0800561FBF /* Button.swift in Sources */,
			);
			runOnlyForDeploymentPostprocessing = 0;
		};
		8897686C19AED88000DD079B /* Sources */ = {
			isa = PBXSourcesBuildPhase;
			buildActionMask = 2147483647;
			files = (
				88995D6D1A855D2000526313 /* View.swift in Sources */,
				883CECA81A4532A600B8A510 /* Password.swift in Sources */,
				889768A019AED8AF00DD079B /* Util.swift in Sources */,
				8897689619AED8AF00DD079B /* Button.swift in Sources */,
				8897689919AED8AF00DD079B /* Element.swift in Sources */,
				8897689C19AED8AF00DD079B /* Label.swift in Sources */,
				883BEC111A8EF574007DAB20 /* RealizedElement.swift in Sources */,
				8897689F19AED8AF00DD079B /* TargetActionTrampoline.swift in Sources */,
				88BAF29319DE3094004241BA /* Empty.swift in Sources */,
				8897689719AED8AF00DD079B /* Component.swift in Sources */,
				8809AC6A1AA60B1200D5A518 /* Image.swift in Sources */,
				88DF47351A42824100F3F497 /* Mac.swift in Sources */,
				888E59DB1A4687E10062A36B /* QuickLook.swift in Sources */,
				880A22B91A992167001D07E6 /* TableView.swift in Sources */,
				88173A1F1A131CF10076F5A7 /* Diffing.swift in Sources */,
				8824A2F419B8957B00D5625A /* Input.swift in Sources */,
			);
			runOnlyForDeploymentPostprocessing = 0;
		};
		8897687819AED88000DD079B /* Sources */ = {
			isa = PBXSourcesBuildPhase;
			buildActionMask = 2147483647;
			files = (
				8897688119AED88000DD079B /* DiffTests.swift in Sources */,
			);
			runOnlyForDeploymentPostprocessing = 0;
		};
		889768A219AED92D00DD079B /* Sources */ = {
			isa = PBXSourcesBuildPhase;
			buildActionMask = 2147483647;
			files = (
				889768AD19AED92D00DD079B /* AppDelegate.swift in Sources */,
				88102D471AAFD3C9003C8B7F /* Demo.swift in Sources */,
				88E4F88B1AC79707006FED1F /* Counter.swift in Sources */,
				88102D3F1AAFD2AF003C8B7F /* TemperatureConverter.swift in Sources */,
				889768AB19AED92D00DD079B /* main.swift in Sources */,
				880E4AFD1AA2A4A40080F3BF /* CustomButton.swift in Sources */,
			);
			runOnlyForDeploymentPostprocessing = 0;
		};
		A2FA88DC1AB33B4000561FBF /* Sources */ = {
			isa = PBXSourcesBuildPhase;
			buildActionMask = 2147483647;
			files = (
				A2FA88E71AB33B4000561FBF /* ViewController.swift in Sources */,
				A2FA88E51AB33B4000561FBF /* AppDelegate.swift in Sources */,
			);
			runOnlyForDeploymentPostprocessing = 0;
		};
/* End PBXSourcesBuildPhase section */

/* Begin PBXTargetDependency section */
		884634E919B7C54B00896264 /* PBXTargetDependency */ = {
			isa = PBXTargetDependency;
			target = 8897687019AED88000DD079B /* Few-Mac */;
			targetProxy = 884634E819B7C54B00896264 /* PBXContainerItemProxy */;
		};
		884CBA261A28284100EDE9B2 /* PBXTargetDependency */ = {
			isa = PBXTargetDependency;
			target = 8897687019AED88000DD079B /* Few-Mac */;
			targetProxy = 884CBA251A28284100EDE9B2 /* PBXContainerItemProxy */;
		};
		8872DFFA1B41F64500A6DEE1 /* PBXTargetDependency */ = {
			isa = PBXTargetDependency;
			target = 888E59AC1A4684850062A36B /* Few-iOS */;
			targetProxy = 8872DFF91B41F64500A6DEE1 /* PBXContainerItemProxy */;
		};
/* End PBXTargetDependency section */

/* Begin PBXVariantGroup section */
		889768B019AED92D00DD079B /* MainMenu.xib */ = {
			isa = PBXVariantGroup;
			children = (
				889768B119AED92D00DD079B /* Base */,
			);
			name = MainMenu.xib;
			sourceTree = "<group>";
		};
		A2FA88ED1AB33B4000561FBF /* LaunchScreen.xib */ = {
			isa = PBXVariantGroup;
			children = (
				A2FA88EE1AB33B4000561FBF /* Base */,
			);
			name = LaunchScreen.xib;
			sourceTree = "<group>";
		};
/* End PBXVariantGroup section */

/* Begin XCBuildConfiguration section */
		888E59C01A4684850062A36B /* Debug */ = {
			isa = XCBuildConfiguration;
			buildSettings = {
				CLANG_ENABLE_MODULES = YES;
				CODE_SIGN_IDENTITY = "iPhone Developer";
				"CODE_SIGN_IDENTITY[sdk=*]" = "iPhone Developer";
				"CODE_SIGN_IDENTITY[sdk=iphoneos*]" = "iPhone Developer";
				DEFINES_MODULE = YES;
				DYLIB_COMPATIBILITY_VERSION = 1;
				DYLIB_CURRENT_VERSION = 1;
				DYLIB_INSTALL_NAME_BASE = "@rpath";
				FRAMEWORK_SEARCH_PATHS = (
					"$(inherited)",
					"$(PROJECT_DIR)/Carthage/Build/iOS",
				);
				GCC_PREPROCESSOR_DEFINITIONS = (
					"DEBUG=1",
					"$(inherited)",
				);
				INFOPLIST_FILE = "Few-iOS/Info.plist";
				INSTALL_PATH = "$(LOCAL_LIBRARY_DIR)/Frameworks";
				LD_RUNPATH_SEARCH_PATHS = "$(inherited) @executable_path/Frameworks @loader_path/Frameworks";
				PRODUCT_NAME = Few;
				SDKROOT = iphoneos;
				SKIP_INSTALL = YES;
				SWIFT_OPTIMIZATION_LEVEL = "-Onone";
				TARGETED_DEVICE_FAMILY = "1,2";
			};
			name = Debug;
		};
		888E59C11A4684850062A36B /* Release */ = {
			isa = XCBuildConfiguration;
			buildSettings = {
				CLANG_ENABLE_MODULES = YES;
				CODE_SIGN_IDENTITY = "iPhone Developer";
				"CODE_SIGN_IDENTITY[sdk=*]" = "iPhone Developer";
				"CODE_SIGN_IDENTITY[sdk=iphoneos*]" = "iPhone Developer";
				DEFINES_MODULE = YES;
				DYLIB_COMPATIBILITY_VERSION = 1;
				DYLIB_CURRENT_VERSION = 1;
				DYLIB_INSTALL_NAME_BASE = "@rpath";
				FRAMEWORK_SEARCH_PATHS = (
					"$(inherited)",
					"$(PROJECT_DIR)/Carthage/Build/iOS",
				);
				INFOPLIST_FILE = "Few-iOS/Info.plist";
				INSTALL_PATH = "$(LOCAL_LIBRARY_DIR)/Frameworks";
				LD_RUNPATH_SEARCH_PATHS = "$(inherited) @executable_path/Frameworks @loader_path/Frameworks";
				PRODUCT_NAME = Few;
				SDKROOT = iphoneos;
				SKIP_INSTALL = YES;
				TARGETED_DEVICE_FAMILY = "1,2";
				VALIDATE_PRODUCT = YES;
			};
			name = Release;
		};
		8897688219AED88000DD079B /* Debug */ = {
			isa = XCBuildConfiguration;
			buildSettings = {
				ALWAYS_SEARCH_USER_PATHS = NO;
				CLANG_CXX_LANGUAGE_STANDARD = "gnu++0x";
				CLANG_CXX_LIBRARY = "libc++";
				CLANG_ENABLE_MODULES = YES;
				CLANG_ENABLE_OBJC_ARC = YES;
				CLANG_WARN_BOOL_CONVERSION = YES;
				CLANG_WARN_CONSTANT_CONVERSION = YES;
				CLANG_WARN_DIRECT_OBJC_ISA_USAGE = YES_ERROR;
				CLANG_WARN_EMPTY_BODY = YES;
				CLANG_WARN_ENUM_CONVERSION = YES;
				CLANG_WARN_INT_CONVERSION = YES;
				CLANG_WARN_OBJC_ROOT_CLASS = YES_ERROR;
				CLANG_WARN_UNREACHABLE_CODE = YES;
				CLANG_WARN__DUPLICATE_METHOD_MATCH = YES;
				COPY_PHASE_STRIP = NO;
				CURRENT_PROJECT_VERSION = 0.1;
				ENABLE_STRICT_OBJC_MSGSEND = YES;
				GCC_C_LANGUAGE_STANDARD = gnu99;
				GCC_DYNAMIC_NO_PIC = NO;
				GCC_OPTIMIZATION_LEVEL = 0;
				GCC_PREPROCESSOR_DEFINITIONS = (
					"DEBUG=1",
					"$(inherited)",
				);
				GCC_SYMBOLS_PRIVATE_EXTERN = NO;
				GCC_WARN_64_TO_32_BIT_CONVERSION = YES;
				GCC_WARN_ABOUT_RETURN_TYPE = YES_ERROR;
				GCC_WARN_UNDECLARED_SELECTOR = YES;
				GCC_WARN_UNINITIALIZED_AUTOS = YES_AGGRESSIVE;
				GCC_WARN_UNUSED_FUNCTION = YES;
				GCC_WARN_UNUSED_VARIABLE = YES;
				IPHONEOS_DEPLOYMENT_TARGET = 8.0;
				MTL_ENABLE_DEBUG_INFO = YES;
				ONLY_ACTIVE_ARCH = YES;
				OTHER_SWIFT_FLAGS = "-Xfrontend -serialize-debugging-options";
				SDKROOT = macosx;
				SWIFT_OPTIMIZATION_LEVEL = "-Onone";
				VERSIONING_SYSTEM = "apple-generic";
				VERSION_INFO_PREFIX = "";
			};
			name = Debug;
		};
		8897688319AED88000DD079B /* Release */ = {
			isa = XCBuildConfiguration;
			buildSettings = {
				ALWAYS_SEARCH_USER_PATHS = NO;
				CLANG_CXX_LANGUAGE_STANDARD = "gnu++0x";
				CLANG_CXX_LIBRARY = "libc++";
				CLANG_ENABLE_MODULES = YES;
				CLANG_ENABLE_OBJC_ARC = YES;
				CLANG_WARN_BOOL_CONVERSION = YES;
				CLANG_WARN_CONSTANT_CONVERSION = YES;
				CLANG_WARN_DIRECT_OBJC_ISA_USAGE = YES_ERROR;
				CLANG_WARN_EMPTY_BODY = YES;
				CLANG_WARN_ENUM_CONVERSION = YES;
				CLANG_WARN_INT_CONVERSION = YES;
				CLANG_WARN_OBJC_ROOT_CLASS = YES_ERROR;
				CLANG_WARN_UNREACHABLE_CODE = YES;
				CLANG_WARN__DUPLICATE_METHOD_MATCH = YES;
				COPY_PHASE_STRIP = YES;
				CURRENT_PROJECT_VERSION = 0.1;
				DEBUG_INFORMATION_FORMAT = "dwarf-with-dsym";
				ENABLE_NS_ASSERTIONS = NO;
				ENABLE_STRICT_OBJC_MSGSEND = YES;
				GCC_C_LANGUAGE_STANDARD = gnu99;
				GCC_WARN_64_TO_32_BIT_CONVERSION = YES;
				GCC_WARN_ABOUT_RETURN_TYPE = YES_ERROR;
				GCC_WARN_UNDECLARED_SELECTOR = YES;
				GCC_WARN_UNINITIALIZED_AUTOS = YES_AGGRESSIVE;
				GCC_WARN_UNUSED_FUNCTION = YES;
				GCC_WARN_UNUSED_VARIABLE = YES;
				IPHONEOS_DEPLOYMENT_TARGET = 8.0;
				MTL_ENABLE_DEBUG_INFO = NO;
				OTHER_SWIFT_FLAGS = "-Xfrontend -serialize-debugging-options";
				SDKROOT = macosx;
				VERSIONING_SYSTEM = "apple-generic";
				VERSION_INFO_PREFIX = "";
			};
			name = Release;
		};
		8897688519AED88000DD079B /* Debug */ = {
			isa = XCBuildConfiguration;
			buildSettings = {
				CLANG_ENABLE_MODULES = YES;
				COMBINE_HIDPI_IMAGES = YES;
				DEFINES_MODULE = YES;
				DYLIB_COMPATIBILITY_VERSION = 1;
				DYLIB_CURRENT_VERSION = 1;
				DYLIB_INSTALL_NAME_BASE = "@rpath";
				FRAMEWORK_SEARCH_PATHS = (
					"$(inherited)",
					"$(PROJECT_DIR)/Carthage/Build/Mac",
				);
				FRAMEWORK_VERSION = A;
				INFOPLIST_FILE = "Few-Mac/Info.plist";
				INSTALL_PATH = "$(LOCAL_LIBRARY_DIR)/Frameworks";
				LD_RUNPATH_SEARCH_PATHS = "$(inherited) @executable_path/../Frameworks @loader_path/Frameworks";
				PRODUCT_NAME = Few;
				SKIP_INSTALL = YES;
				SWIFT_OPTIMIZATION_LEVEL = "-Onone";
			};
			name = Debug;
		};
		8897688619AED88000DD079B /* Release */ = {
			isa = XCBuildConfiguration;
			buildSettings = {
				CLANG_ENABLE_MODULES = YES;
				COMBINE_HIDPI_IMAGES = YES;
				DEFINES_MODULE = YES;
				DYLIB_COMPATIBILITY_VERSION = 1;
				DYLIB_CURRENT_VERSION = 1;
				DYLIB_INSTALL_NAME_BASE = "@rpath";
				FRAMEWORK_SEARCH_PATHS = (
					"$(inherited)",
					"$(PROJECT_DIR)/Carthage/Build/Mac",
				);
				FRAMEWORK_VERSION = A;
				INFOPLIST_FILE = "Few-Mac/Info.plist";
				INSTALL_PATH = "$(LOCAL_LIBRARY_DIR)/Frameworks";
				LD_RUNPATH_SEARCH_PATHS = "$(inherited) @executable_path/../Frameworks @loader_path/Frameworks";
				PRODUCT_NAME = Few;
				SKIP_INSTALL = YES;
			};
			name = Release;
		};
		8897688819AED88000DD079B /* Debug */ = {
			isa = XCBuildConfiguration;
			buildSettings = {
				COMBINE_HIDPI_IMAGES = YES;
				FRAMEWORK_SEARCH_PATHS = (
					"$(DEVELOPER_FRAMEWORKS_DIR)",
					"$(inherited)",
					"$(PROJECT_DIR)/Carthage/Build/Mac",
				);
				GCC_PREPROCESSOR_DEFINITIONS = (
					"DEBUG=1",
					"$(inherited)",
				);
				INFOPLIST_FILE = FewTests/Info.plist;
				LD_RUNPATH_SEARCH_PATHS = "$(inherited) @executable_path/../Frameworks @loader_path/../Frameworks";
				PRODUCT_NAME = "$(TARGET_NAME)";
			};
			name = Debug;
		};
		8897688919AED88000DD079B /* Release */ = {
			isa = XCBuildConfiguration;
			buildSettings = {
				COMBINE_HIDPI_IMAGES = YES;
				FRAMEWORK_SEARCH_PATHS = (
					"$(DEVELOPER_FRAMEWORKS_DIR)",
					"$(inherited)",
					"$(PROJECT_DIR)/Carthage/Build/Mac",
				);
				INFOPLIST_FILE = FewTests/Info.plist;
				LD_RUNPATH_SEARCH_PATHS = "$(inherited) @executable_path/../Frameworks @loader_path/../Frameworks";
				PRODUCT_NAME = "$(TARGET_NAME)";
			};
			name = Release;
		};
		889768BF19AED92D00DD079B /* Debug */ = {
			isa = XCBuildConfiguration;
			buildSettings = {
				ASSETCATALOG_COMPILER_APPICON_NAME = AppIcon;
				CODE_SIGN_IDENTITY = "-";
				COMBINE_HIDPI_IMAGES = YES;
				EMBEDDED_CONTENT_CONTAINS_SWIFT = YES;
				FRAMEWORK_SEARCH_PATHS = (
					"$(inherited)",
					"$(PROJECT_DIR)/Carthage/Build/Mac",
				);
				GCC_PREPROCESSOR_DEFINITIONS = (
					"DEBUG=1",
					"$(inherited)",
				);
				INFOPLIST_FILE = FewDemo/Info.plist;
				LD_RUNPATH_SEARCH_PATHS = "$(inherited) @executable_path/../Frameworks";
				PRODUCT_NAME = "$(TARGET_NAME)";
			};
			name = Debug;
		};
		889768C019AED92D00DD079B /* Release */ = {
			isa = XCBuildConfiguration;
			buildSettings = {
				ASSETCATALOG_COMPILER_APPICON_NAME = AppIcon;
				CODE_SIGN_IDENTITY = "-";
				COMBINE_HIDPI_IMAGES = YES;
				EMBEDDED_CONTENT_CONTAINS_SWIFT = YES;
				FRAMEWORK_SEARCH_PATHS = (
					"$(inherited)",
					"$(PROJECT_DIR)/Carthage/Build/Mac",
				);
				INFOPLIST_FILE = FewDemo/Info.plist;
				LD_RUNPATH_SEARCH_PATHS = "$(inherited) @executable_path/../Frameworks";
				PRODUCT_NAME = "$(TARGET_NAME)";
			};
			name = Release;
		};
		A2FA88FC1AB33B4000561FBF /* Debug */ = {
			isa = XCBuildConfiguration;
			buildSettings = {
				ASSETCATALOG_COMPILER_APPICON_NAME = AppIcon;
				CODE_SIGN_IDENTITY = "iPhone Developer";
				"CODE_SIGN_IDENTITY[sdk=iphoneos*]" = "iPhone Developer";
				FRAMEWORK_SEARCH_PATHS = (
					"$(inherited)",
					"$(PROJECT_DIR)/Carthage/Build/iOS",
				);
				GCC_PREPROCESSOR_DEFINITIONS = (
					"DEBUG=1",
					"$(inherited)",
				);
				INFOPLIST_FILE = "FewDemo-iOS/Info.plist";
				LD_RUNPATH_SEARCH_PATHS = "$(inherited) @executable_path/Frameworks";
				PRODUCT_NAME = "$(TARGET_NAME)";
				SDKROOT = iphoneos;
				TARGETED_DEVICE_FAMILY = "1,2";
			};
			name = Debug;
		};
		A2FA88FD1AB33B4000561FBF /* Release */ = {
			isa = XCBuildConfiguration;
			buildSettings = {
				ASSETCATALOG_COMPILER_APPICON_NAME = AppIcon;
				CODE_SIGN_IDENTITY = "iPhone Developer";
				"CODE_SIGN_IDENTITY[sdk=iphoneos*]" = "iPhone Developer";
				COPY_PHASE_STRIP = NO;
				FRAMEWORK_SEARCH_PATHS = (
					"$(inherited)",
					"$(PROJECT_DIR)/Carthage/Build/iOS",
				);
				INFOPLIST_FILE = "FewDemo-iOS/Info.plist";
				LD_RUNPATH_SEARCH_PATHS = "$(inherited) @executable_path/Frameworks";
				PRODUCT_NAME = "$(TARGET_NAME)";
				SDKROOT = iphoneos;
				TARGETED_DEVICE_FAMILY = "1,2";
				VALIDATE_PRODUCT = YES;
			};
			name = Release;
		};
/* End XCBuildConfiguration section */

/* Begin XCConfigurationList section */
		888E59CA1A4684850062A36B /* Build configuration list for PBXNativeTarget "Few-iOS" */ = {
			isa = XCConfigurationList;
			buildConfigurations = (
				888E59C01A4684850062A36B /* Debug */,
				888E59C11A4684850062A36B /* Release */,
			);
			defaultConfigurationIsVisible = 0;
			defaultConfigurationName = Release;
		};
		8897686B19AED88000DD079B /* Build configuration list for PBXProject "Few" */ = {
			isa = XCConfigurationList;
			buildConfigurations = (
				8897688219AED88000DD079B /* Debug */,
				8897688319AED88000DD079B /* Release */,
			);
			defaultConfigurationIsVisible = 0;
			defaultConfigurationName = Release;
		};
		8897688419AED88000DD079B /* Build configuration list for PBXNativeTarget "Few-Mac" */ = {
			isa = XCConfigurationList;
			buildConfigurations = (
				8897688519AED88000DD079B /* Debug */,
				8897688619AED88000DD079B /* Release */,
			);
			defaultConfigurationIsVisible = 0;
			defaultConfigurationName = Release;
		};
		8897688719AED88000DD079B /* Build configuration list for PBXNativeTarget "FewTests" */ = {
			isa = XCConfigurationList;
			buildConfigurations = (
				8897688819AED88000DD079B /* Debug */,
				8897688919AED88000DD079B /* Release */,
			);
			defaultConfigurationIsVisible = 0;
			defaultConfigurationName = Release;
		};
		889768C319AED92D00DD079B /* Build configuration list for PBXNativeTarget "FewDemo" */ = {
			isa = XCConfigurationList;
			buildConfigurations = (
				889768BF19AED92D00DD079B /* Debug */,
				889768C019AED92D00DD079B /* Release */,
			);
			defaultConfigurationIsVisible = 0;
			defaultConfigurationName = Release;
		};
		A2FA89061AB33B4000561FBF /* Build configuration list for PBXNativeTarget "FewDemo-iOS" */ = {
			isa = XCConfigurationList;
			buildConfigurations = (
				A2FA88FC1AB33B4000561FBF /* Debug */,
				A2FA88FD1AB33B4000561FBF /* Release */,
			);
			defaultConfigurationIsVisible = 0;
			defaultConfigurationName = Release;
		};
/* End XCConfigurationList section */
	};
	rootObject = 8897686819AED88000DD079B /* Project object */;
}
